// !$*UTF8*$!
{
	archiveVersion = 1;
	classes = {
	};
	objectVersion = 50;
	objects = {

/* Begin PBXBuildFile section */
		8E3DCC2C256BA3D500D6C3C0 /* AppDelegate.swift in Sources */ = {isa = PBXBuildFile; fileRef = 8E3DCC2B256BA3D500D6C3C0 /* AppDelegate.swift */; };
		8E3DCC2E256BA3D500D6C3C0 /* SceneDelegate.swift in Sources */ = {isa = PBXBuildFile; fileRef = 8E3DCC2D256BA3D500D6C3C0 /* SceneDelegate.swift */; };
		8E3DCC30256BA3D500D6C3C0 /* EmojiMemoryGameView.swift in Sources */ = {isa = PBXBuildFile; fileRef = 8E3DCC2F256BA3D500D6C3C0 /* EmojiMemoryGameView.swift */; };
		8E3DCC32256BA3D900D6C3C0 /* Assets.xcassets in Resources */ = {isa = PBXBuildFile; fileRef = 8E3DCC31256BA3D900D6C3C0 /* Assets.xcassets */; };
		8E3DCC35256BA3D900D6C3C0 /* Preview Assets.xcassets in Resources */ = {isa = PBXBuildFile; fileRef = 8E3DCC34256BA3D900D6C3C0 /* Preview Assets.xcassets */; };
		8E3DCC38256BA3D900D6C3C0 /* LaunchScreen.storyboard in Resources */ = {isa = PBXBuildFile; fileRef = 8E3DCC36256BA3D900D6C3C0 /* LaunchScreen.storyboard */; };
		8EFBC156256CFFFB009073CA /* MemoryGame.swift in Sources */ = {isa = PBXBuildFile; fileRef = 8EFBC155256CFFFB009073CA /* MemoryGame.swift */; };
		8EFBC159256D0210009073CA /* EmojiMemoryGame.swift in Sources */ = {isa = PBXBuildFile; fileRef = 8EFBC158256D0210009073CA /* EmojiMemoryGame.swift */; };
/* End PBXBuildFile section */

/* Begin PBXFileReference section */
		8E3DCC28256BA3D500D6C3C0 /* study.app */ = {isa = PBXFileReference; explicitFileType = wrapper.application; includeInIndex = 0; path = study.app; sourceTree = BUILT_PRODUCTS_DIR; };
		8E3DCC2B256BA3D500D6C3C0 /* AppDelegate.swift */ = {isa = PBXFileReference; lastKnownFileType = sourcecode.swift; path = AppDelegate.swift; sourceTree = "<group>"; };
		8E3DCC2D256BA3D500D6C3C0 /* SceneDelegate.swift */ = {isa = PBXFileReference; lastKnownFileType = sourcecode.swift; path = SceneDelegate.swift; sourceTree = "<group>"; };
		8E3DCC2F256BA3D500D6C3C0 /* EmojiMemoryGameView.swift */ = {isa = PBXFileReference; lastKnownFileType = sourcecode.swift; path = EmojiMemoryGameView.swift; sourceTree = "<group>"; };
		8E3DCC31256BA3D900D6C3C0 /* Assets.xcassets */ = {isa = PBXFileReference; lastKnownFileType = folder.assetcatalog; path = Assets.xcassets; sourceTree = "<group>"; };
		8E3DCC34256BA3D900D6C3C0 /* Preview Assets.xcassets */ = {isa = PBXFileReference; lastKnownFileType = folder.assetcatalog; path = "Preview Assets.xcassets"; sourceTree = "<group>"; };
		8E3DCC37256BA3D900D6C3C0 /* Base */ = {isa = PBXFileReference; lastKnownFileType = file.storyboard; name = Base; path = Base.lproj/LaunchScreen.storyboard; sourceTree = "<group>"; };
		8E3DCC39256BA3D900D6C3C0 /* Info.plist */ = {isa = PBXFileReference; lastKnownFileType = text.plist.xml; path = Info.plist; sourceTree = "<group>"; };
		8EFBC155256CFFFB009073CA /* MemoryGame.swift */ = {isa = PBXFileReference; lastKnownFileType = sourcecode.swift; path = MemoryGame.swift; sourceTree = "<group>"; };
		8EFBC158256D0210009073CA /* EmojiMemoryGame.swift */ = {isa = PBXFileReference; lastKnownFileType = sourcecode.swift; path = EmojiMemoryGame.swift; sourceTree = "<group>"; };
/* End PBXFileReference section */

/* Begin PBXFrameworksBuildPhase section */
		8E3DCC25256BA3D500D6C3C0 /* Frameworks */ = {
			isa = PBXFrameworksBuildPhase;
			buildActionMask = 2147483647;
			files = (
			);
			runOnlyForDeploymentPostprocessing = 0;
		};
/* End PBXFrameworksBuildPhase section */

/* Begin PBXGroup section */
		8E3DCC1F256BA3D500D6C3C0 = {
			isa = PBXGroup;
			children = (
				8E3DCC2A256BA3D500D6C3C0 /* study */,
				8E3DCC29256BA3D500D6C3C0 /* Products */,
			);
			sourceTree = "<group>";
		};
		8E3DCC29256BA3D500D6C3C0 /* Products */ = {
			isa = PBXGroup;
			children = (
				8E3DCC28256BA3D500D6C3C0 /* study.app */,
			);
			name = Products;
			sourceTree = "<group>";
		};
		8E3DCC2A256BA3D500D6C3C0 /* study */ = {
			isa = PBXGroup;
			children = (
				8E3DCC2B256BA3D500D6C3C0 /* AppDelegate.swift */,
				8E3DCC2D256BA3D500D6C3C0 /* SceneDelegate.swift */,
				8E3DCC2F256BA3D500D6C3C0 /* EmojiMemoryGameView.swift */,
				8EFBC155256CFFFB009073CA /* MemoryGame.swift */,
				8EFBC158256D0210009073CA /* EmojiMemoryGame.swift */,
				8E3DCC31256BA3D900D6C3C0 /* Assets.xcassets */,
				8E3DCC36256BA3D900D6C3C0 /* LaunchScreen.storyboard */,
				8E3DCC39256BA3D900D6C3C0 /* Info.plist */,
				8E3DCC33256BA3D900D6C3C0 /* Preview Content */,
			);
			path = study;
			sourceTree = "<group>";
		};
		8E3DCC33256BA3D900D6C3C0 /* Preview Content */ = {
			isa = PBXGroup;
			children = (
				8E3DCC34256BA3D900D6C3C0 /* Preview Assets.xcassets */,
			);
			path = "Preview Content";
			sourceTree = "<group>";
		};
/* End PBXGroup section */

/* Begin PBXNativeTarget section */
		8E3DCC27256BA3D500D6C3C0 /* study */ = {
			isa = PBXNativeTarget;
			buildConfigurationList = 8E3DCC3C256BA3D900D6C3C0 /* Build configuration list for PBXNativeTarget "study" */;
			buildPhases = (
				8E3DCC24256BA3D500D6C3C0 /* Sources */,
				8E3DCC25256BA3D500D6C3C0 /* Frameworks */,
				8E3DCC26256BA3D500D6C3C0 /* Resources */,
			);
			buildRules = (
			);
			dependencies = (
			);
			name = study;
			productName = study;
			productReference = 8E3DCC28256BA3D500D6C3C0 /* study.app */;
			productType = "com.apple.product-type.application";
		};
/* End PBXNativeTarget section */

/* Begin PBXProject section */
		8E3DCC20256BA3D500D6C3C0 /* Project object */ = {
			isa = PBXProject;
			attributes = {
				LastSwiftUpdateCheck = 1160;
				LastUpgradeCheck = 1160;
				ORGANIZATIONNAME = hvah;
				TargetAttributes = {
					8E3DCC27256BA3D500D6C3C0 = {
						CreatedOnToolsVersion = 11.6;
					};
				};
			};
			buildConfigurationList = 8E3DCC23256BA3D500D6C3C0 /* Build configuration list for PBXProject "study" */;
			compatibilityVersion = "Xcode 9.3";
			developmentRegion = en;
			hasScannedForEncodings = 0;
			knownRegions = (
				en,
				Base,
			);
			mainGroup = 8E3DCC1F256BA3D500D6C3C0;
			productRefGroup = 8E3DCC29256BA3D500D6C3C0 /* Products */;
			projectDirPath = "";
			projectRoot = "";
			targets = (
				8E3DCC27256BA3D500D6C3C0 /* study */,
			);
		};
/* End PBXProject section */

/* Begin PBXResourcesBuildPhase section */
		8E3DCC26256BA3D500D6C3C0 /* Resources */ = {
			isa = PBXResourcesBuildPhase;
			buildActionMask = 2147483647;
			files = (
				8E3DCC38256BA3D900D6C3C0 /* LaunchScreen.storyboard in Resources */,
				8E3DCC35256BA3D900D6C3C0 /* Preview Assets.xcassets in Resources */,
				8E3DCC32256BA3D900D6C3C0 /* Assets.xcassets in Resources */,
			);
			runOnlyForDeploymentPostprocessing = 0;
		};
/* End PBXResourcesBuildPhase section */

/* Begin PBXSourcesBuildPhase section */
		8E3DCC24256BA3D500D6C3C0 /* Sources */ = {
			isa = PBXSourcesBuildPhase;
			buildActionMask = 2147483647;
			files = (
				8E3DCC2C256BA3D500D6C3C0 /* AppDelegate.swift in Sources */,
				8E3DCC2E256BA3D500D6C3C0 /* SceneDelegate.swift in Sources */,
				8EFBC156256CFFFB009073CA /* MemoryGame.swift in Sources */,
				8E3DCC30256BA3D500D6C3C0 /* EmojiMemoryGameView.swift in Sources */,
				8EFBC159256D0210009073CA /* EmojiMemoryGame.swift in Sources */,
			);
			runOnlyForDeploymentPostprocessing = 0;
		};
/* End PBXSourcesBuildPhase section */

/* Begin PBXVariantGroup section */
		8E3DCC36256BA3D900D6C3C0 /* LaunchScreen.storyboard */ = {
			isa = PBXVariantGroup;
			children = (
				8E3DCC37256BA3D900D6C3C0 /* Base */,
			);
			name = LaunchScreen.storyboard;
			sourceTree = "<group>";
		};
/* End PBXVariantGroup section */

/* Begin XCBuildConfiguration section */
		8E3DCC3A256BA3D900D6C3C0 /* Debug */ = {
			isa = XCBuildConfiguration;
			buildSettings = {
				ALWAYS_SEARCH_USER_PATHS = NO;
				CLANG_ANALYZER_NONNULL = YES;
				CLANG_ANALYZER_NUMBER_OBJECT_CONVERSION = YES_AGGRESSIVE;
				CLANG_CXX_LANGUAGE_STANDARD = "gnu++14";
				CLANG_CXX_LIBRARY = "libc++";
				CLANG_ENABLE_MODULES = YES;
				CLANG_ENABLE_OBJC_ARC = YES;
				CLANG_ENABLE_OBJC_WEAK = YES;
				CLANG_WARN_BLOCK_CAPTURE_AUTORELEASING = YES;
				CLANG_WARN_BOOL_CONVERSION = YES;
				CLANG_WARN_COMMA = YES;
				CLANG_WARN_CONSTANT_CONVERSION = YES;
				CLANG_WARN_DEPRECATED_OBJC_IMPLEMENTATIONS = YES;
				CLANG_WARN_DIRECT_OBJC_ISA_USAGE = YES_ERROR;
				CLANG_WARN_DOCUMENTATION_COMMENTS = YES;
				CLANG_WARN_EMPTY_BODY = YES;
				CLANG_WARN_ENUM_CONVERSION = YES;
				CLANG_WARN_INFINITE_RECURSION = YES;
				CLANG_WARN_INT_CONVERSION = YES;
				CLANG_WARN_NON_LITERAL_NULL_CONVERSION = YES;
				CLANG_WARN_OBJC_IMPLICIT_RETAIN_SELF = YES;
				CLANG_WARN_OBJC_LITERAL_CONVERSION = YES;
				CLANG_WARN_OBJC_ROOT_CLASS = YES_ERROR;
				CLANG_WARN_RANGE_LOOP_ANALYSIS = YES;
				CLANG_WARN_STRICT_PROTOTYPES = YES;
				CLANG_WARN_SUSPICIOUS_MOVE = YES;
				CLANG_WARN_UNGUARDED_AVAILABILITY = YES_AGGRESSIVE;
				CLANG_WARN_UNREACHABLE_CODE = YES;
				CLANG_WARN__DUPLICATE_METHOD_MATCH = YES;
				COPY_PHASE_STRIP = NO;
				DEBUG_INFORMATION_FORMAT = dwarf;
				ENABLE_STRICT_OBJC_MSGSEND = YES;
				ENABLE_TESTABILITY = YES;
				GCC_C_LANGUAGE_STANDARD = gnu11;
				GCC_DYNAMIC_NO_PIC = NO;
				GCC_NO_COMMON_BLOCKS = YES;
				GCC_OPTIMIZATION_LEVEL = 0;
				GCC_PREPROCESSOR_DEFINITIONS = (
					"DEBUG=1",
					"$(inherited)",
				);
				GCC_WARN_64_TO_32_BIT_CONVERSION = YES;
				GCC_WARN_ABOUT_RETURN_TYPE = YES_ERROR;
				GCC_WARN_UNDECLARED_SELECTOR = YES;
				GCC_WARN_UNINITIALIZED_AUTOS = YES_AGGRESSIVE;
				GCC_WARN_UNUSED_FUNCTION = YES;
				GCC_WARN_UNUSED_VARIABLE = YES;
				IPHONEOS_DEPLOYMENT_TARGET = 13.6;
				MTL_ENABLE_DEBUG_INFO = INCLUDE_SOURCE;
				MTL_FAST_MATH = YES;
				ONLY_ACTIVE_ARCH = YES;
				SDKROOT = iphoneos;
				SWIFT_ACTIVE_COMPILATION_CONDITIONS = DEBUG;
				SWIFT_OPTIMIZATION_LEVEL = "-Onone";
			};
			name = Debug;
		};
		8E3DCC3B256BA3D900D6C3C0 /* Release */ = {
			isa = XCBuildConfiguration;
			buildSettings = {
				ALWAYS_SEARCH_USER_PATHS = NO;
				CLANG_ANALYZER_NONNULL = YES;
				CLANG_ANALYZER_NUMBER_OBJECT_CONVERSION = YES_AGGRESSIVE;
				CLANG_CXX_LANGUAGE_STANDARD = "gnu++14";
				CLANG_CXX_LIBRARY = "libc++";
				CLANG_ENABLE_MODULES = YES;
				CLANG_ENABLE_OBJC_ARC = YES;
				CLANG_ENABLE_OBJC_WEAK = YES;
				CLANG_WARN_BLOCK_CAPTURE_AUTORELEASING = YES;
				CLANG_WARN_BOOL_CONVERSION = YES;
				CLANG_WARN_COMMA = YES;
				CLANG_WARN_CONSTANT_CONVERSION = YES;
				CLANG_WARN_DEPRECATED_OBJC_IMPLEMENTATIONS = YES;
				CLANG_WARN_DIRECT_OBJC_ISA_USAGE = YES_ERROR;
				CLANG_WARN_DOCUMENTATION_COMMENTS = YES;
				CLANG_WARN_EMPTY_BODY = YES;
				CLANG_WARN_ENUM_CONVERSION = YES;
				CLANG_WARN_INFINITE_RECURSION = YES;
				CLANG_WARN_INT_CONVERSION = YES;
				CLANG_WARN_NON_LITERAL_NULL_CONVERSION = YES;
				CLANG_WARN_OBJC_IMPLICIT_RETAIN_SELF = YES;
				CLANG_WARN_OBJC_LITERAL_CONVERSION = YES;
				CLANG_WARN_OBJC_ROOT_CLASS = YES_ERROR;
				CLANG_WARN_RANGE_LOOP_ANALYSIS = YES;
				CLANG_WARN_STRICT_PROTOTYPES = YES;
				CLANG_WARN_SUSPICIOUS_MOVE = YES;
				CLANG_WARN_UNGUARDED_AVAILABILITY = YES_AGGRESSIVE;
				CLANG_WARN_UNREACHABLE_CODE = YES;
				CLANG_WARN__DUPLICATE_METHOD_MATCH = YES;
				COPY_PHASE_STRIP = NO;
				DEBUG_INFORMATION_FORMAT = "dwarf-with-dsym";
				ENABLE_NS_ASSERTIONS = NO;
				ENABLE_STRICT_OBJC_MSGSEND = YES;
				GCC_C_LANGUAGE_STANDARD = gnu11;
				GCC_NO_COMMON_BLOCKS = YES;
				GCC_WARN_64_TO_32_BIT_CONVERSION = YES;
				GCC_WARN_ABOUT_RETURN_TYPE = YES_ERROR;
				GCC_WARN_UNDECLARED_SELECTOR = YES;
				GCC_WARN_UNINITIALIZED_AUTOS = YES_AGGRESSIVE;
				GCC_WARN_UNUSED_FUNCTION = YES;
				GCC_WARN_UNUSED_VARIABLE = YES;
				IPHONEOS_DEPLOYMENT_TARGET = 13.6;
				MTL_ENABLE_DEBUG_INFO = NO;
				MTL_FAST_MATH = YES;
				SDKROOT = iphoneos;
				SWIFT_COMPILATION_MODE = wholemodule;
				SWIFT_OPTIMIZATION_LEVEL = "-O";
				VALIDATE_PRODUCT = YES;
			};
			name = Release;
		};
		8E3DCC3D256BA3D900D6C3C0 /* Debug */ = {
			isa = XCBuildConfiguration;
			buildSettings = {
				ASSETCATALOG_COMPILER_APPICON_NAME = AppIcon;
				CODE_SIGN_STYLE = Automatic;
				DEVELOPMENT_ASSET_PATHS = "\"study/Preview Content\"";
				ENABLE_PREVIEWS = YES;
				INFOPLIST_FILE = study/Info.plist;
				LD_RUNPATH_SEARCH_PATHS = (
					"$(inherited)",
					"@executable_path/Frameworks",
				);
				PRODUCT_BUNDLE_IDENTIFIER = com.vah.study;
				PRODUCT_NAME = "$(TARGET_NAME)";
				SWIFT_VERSION = 5.0;
				TARGETED_DEVICE_FAMILY = "1,2";
			};
			name = Debug;
		};
		8E3DCC3E256BA3D900D6C3C0 /* Release */ = {
			isa = XCBuildConfiguration;
			buildSettings = {
				ASSETCATALOG_COMPILER_APPICON_NAME = AppIcon;
				CODE_SIGN_STYLE = Automatic;
				DEVELOPMENT_ASSET_PATHS = "\"study/Preview Content\"";
				ENABLE_PREVIEWS = YES;
				INFOPLIST_FILE = study/Info.plist;
				LD_RUNPATH_SEARCH_PATHS = (
					"$(inherited)",
					"@executable_path/Frameworks",
				);
				PRODUCT_BUNDLE_IDENTIFIER = com.vah.study;
				PRODUCT_NAME = "$(TARGET_NAME)";
				SWIFT_VERSION = 5.0;
				TARGETED_DEVICE_FAMILY = "1,2";
			};
			name = Release;
		};
/* End XCBuildConfiguration section */

/* Begin XCConfigurationList section */
		8E3DCC23256BA3D500D6C3C0 /* Build configuration list for PBXProject "study" */ = {
			isa = XCConfigurationList;
			buildConfigurations = (
				8E3DCC3A256BA3D900D6C3C0 /* Debug */,
				8E3DCC3B256BA3D900D6C3C0 /* Release */,
			);
			defaultConfigurationIsVisible = 0;
			defaultConfigurationName = Release;
		};
		8E3DCC3C256BA3D900D6C3C0 /* Build configuration list for PBXNativeTarget "study" */ = {
			isa = XCConfigurationList;
			buildConfigurations = (
				8E3DCC3D256BA3D900D6C3C0 /* Debug */,
				8E3DCC3E256BA3D900D6C3C0 /* Release */,
			);
			defaultConfigurationIsVisible = 0;
			defaultConfigurationName = Release;
		};
/* End XCConfigurationList section */
	};
	rootObject = 8E3DCC20256BA3D500D6C3C0 /* Project object */;
}
